
Microsoft Visual Studio Solution File, Format Version 12.00
# Visual Studio Version 16
VisualStudioVersion = 16.0.31005.135
MinimumVisualStudioVersion = 10.0.40219.1
Project("{FAE04EC0-301F-11D3-BF4B-00C04F79EFBC}") = "WebApplication1", "WebApplication1\WebApplication1.csproj", "{9CC17A3B-D4A4-4A07-878E-7D1C4F8C554A}"
EndProject
Global
	GlobalSection(SolutionConfigurationPlatforms) = preSolution
		Debug|Any CPU = Debug|Any CPU
		Release|Any CPU = Release|Any CPU
	EndGlobalSection
	GlobalSection(ProjectConfigurationPlatforms) = postSolution
		{9CC17A3B-D4A4-4A07-878E-7D1C4F8C554A}.Debug|Any CPU.ActiveCfg = Debug|Any CPU
		{9CC17A3B-D4A4-4A07-878E-7D1C4F8C554A}.Debug|Any CPU.Build.0 = Debug|Any CPU
		{9CC17A3B-D4A4-4A07-878E-7D1C4F8C554A}.Release|Any CPU.ActiveCfg = Release|Any CPU
		{9CC17A3B-D4A4-4A07-878E-7D1C4F8C554A}.Release|Any CPU.Build.0 = Release|Any CPU
	EndGlobalSection
	GlobalSection(SolutionProperties) = preSolution
		HideSolutionNode = FALSE
	EndGlobalSection
	GlobalSection(ExtensibilityGlobals) = postSolution
		SolutionGuid = {4555FDC2-C89E-4B53-84B0-84F7F31DFCDE}
	EndGlobalSection
EndGlobal
